
Microsoft Visual Studio Solution File, Format Version 11.00
# Visual Studio 2010
Project("{2150E333-8FDC-42A3-9474-1A3956D46DE8}") = "Sales", "Sales", "{2A7BA862-E5FF-4546-BD9F-FF8CFFF66949}"
EndProject
Project("{2150E333-8FDC-42A3-9474-1A3956D46DE8}") = "HumanResources", "HumanResources", "{A504C028-51DD-43E1-B6AD-ADB09D80C924}"
EndProject
Project("{FAE04EC0-301F-11D3-BF4B-00C04F79EFBC}") = "HumanResources.Domain", "HumanResources.Domain\HumanResources.Domain.csproj", "{6693ECEC-BC88-49CE-9E40-9A70AB0C954E}"
EndProject
Project("{FAE04EC0-301F-11D3-BF4B-00C04F79EFBC}") = "HumanResources.Data", "HumanResources.Data\HumanResources.Data.csproj", "{477EDE18-1D79-46E9-95F1-345A34F390A6}"
EndProject
Project("{FAE04EC0-301F-11D3-BF4B-00C04F79EFBC}") = "HumanResources.Messages", "HumanResources.Messages\HumanResources.Messages.csproj", "{8B5B36C1-85A9-4FB2-B20A-A8E690CAFB9D}"
EndProject
Project("{FAE04EC0-301F-11D3-BF4B-00C04F79EFBC}") = "HumanResources.UI", "HumanResources.UI\HumanResources.UI.csproj", "{FC922F61-B802-4447-A97F-EDAB255E1258}"
EndProject
Project("{FAE04EC0-301F-11D3-BF4B-00C04F79EFBC}") = "Sales.Domain", "Sales.Domain\Sales.Domain.csproj", "{69BA86BB-76E8-4F71-9356-1FBD846DF988}"
EndProject
Project("{FAE04EC0-301F-11D3-BF4B-00C04F79EFBC}") = "Sales.Data", "Sales.Data\Sales.Data.csproj", "{8BB52A7E-8A11-42AF-8E0A-78770130CA9E}"
EndProject
Project("{FAE04EC0-301F-11D3-BF4B-00C04F79EFBC}") = "Sales.Messages", "Sales.Messages\Sales.Messages.csproj", "{9A2441B1-F3BA-4E9E-A21D-2D0DB61E86EA}"
EndProject
Project("{FAE04EC0-301F-11D3-BF4B-00C04F79EFBC}") = "Sales.UI", "Sales.UI\Sales.UI.csproj", "{EBD06220-2A7F-426C-920D-DBB22AE71E99}"
	ProjectSection(ProjectDependencies) = postProject
		{26173092-00B7-49F0-8D50-D35798DC5D0C} = {26173092-00B7-49F0-8D50-D35798DC5D0C}
		{17E633F6-C5B2-4782-8870-E99EBBE4FA83} = {17E633F6-C5B2-4782-8870-E99EBBE4FA83}
	EndProjectSection
EndProject
Project("{FAE04EC0-301F-11D3-BF4B-00C04F79EFBC}") = "Sales.MessageHandlers", "Sales.MessageHandlers\Sales.MessageHandlers.csproj", "{FECDC5E0-0729-4212-846B-1D36E2D46B2E}"
EndProject
Project("{2150E333-8FDC-42A3-9474-1A3956D46DE8}") = "SqlScripts", "SqlScripts", "{E56AECF0-60C5-409C-A03F-5237126570B1}"
	ProjectSection(SolutionItems) = preProject
		CreateAll.sql = CreateAll.sql
	EndProjectSection
EndProject
Project("{FAE04EC0-301F-11D3-BF4B-00C04F79EFBC}") = "HumanResources.MessageHandlers", "HumanResources.MessageHandlers\HumanResources.MessageHandlers.csproj", "{505F657C-4EED-4FFC-BEAF-374AE5ED171D}"
EndProject
Project("{FAE04EC0-301F-11D3-BF4B-00C04F79EFBC}") = "HumanResources.WCF", "HumanResources.WCF\HumanResources.WCF.csproj", "{26173092-00B7-49F0-8D50-D35798DC5D0C}"
EndProject
Project("{2150E333-8FDC-42A3-9474-1A3956D46DE8}") = "ClientServices", "ClientServices", "{D9F24238-25BC-4ECE-8354-51D7384BD1B4}"
EndProject
Project("{FAE04EC0-301F-11D3-BF4B-00C04F79EFBC}") = "ClientServices.Domain", "ClientServices.Domain\ClientServices.Domain.csproj", "{A896093E-F28A-4356-A5A3-27DFAFC3752D}"
EndProject
Project("{FAE04EC0-301F-11D3-BF4B-00C04F79EFBC}") = "ClientServices.Data", "ClientServices.Data\ClientServices.Data.csproj", "{43F827F7-5FDE-4080-B84C-00BA6D97D2EE}"
EndProject
Project("{FAE04EC0-301F-11D3-BF4B-00C04F79EFBC}") = "ClientServices.WCF", "ClientServices.WCF\ClientServices.WCF.csproj", "{17E633F6-C5B2-4782-8870-E99EBBE4FA83}"
EndProject
Project("{FAE04EC0-301F-11D3-BF4B-00C04F79EFBC}") = "ClientServices.Messages", "ClientServices.Messages\ClientServices.Messages.csproj", "{3032E714-A212-4EDD-BC97-D917498AFF02}"
EndProject
Project("{FAE04EC0-301F-11D3-BF4B-00C04F79EFBC}") = "ClientServices.MessageHandlers", "ClientServices.MessageHandlers\ClientServices.MessageHandlers.csproj", "{A1437127-A097-4DDE-BDDE-79B35E330EEA}"
EndProject
Project("{FAE04EC0-301F-11D3-BF4B-00C04F79EFBC}") = "ClientServices.UI", "ClientServices.UI\ClientServices.UI.csproj", "{48BC8C1E-2282-481F-BAF6-8BB1EC411D32}"
	ProjectSection(ProjectDependencies) = postProject
		{26173092-00B7-49F0-8D50-D35798DC5D0C} = {26173092-00B7-49F0-8D50-D35798DC5D0C}
		{BC1A4EC3-77D4-4660-B6D6-46D8DC2F1FAA} = {BC1A4EC3-77D4-4660-B6D6-46D8DC2F1FAA}
	EndProjectSection
EndProject
Project("{2150E333-8FDC-42A3-9474-1A3956D46DE8}") = "Finance", "Finance", "{F9FFEAF5-F24F-4E31-845F-5758DC7C81D5}"
EndProject
Project("{FAE04EC0-301F-11D3-BF4B-00C04F79EFBC}") = "Finance.Domain", "Finance.Domain\Finance.Domain.csproj", "{C735A69A-9950-4154-8C51-586A7C0E5F21}"
EndProject
Project("{FAE04EC0-301F-11D3-BF4B-00C04F79EFBC}") = "Finance.Data", "Finance.Data\Finance.Data.csproj", "{CFB2F076-C9F8-4553-A1CF-AC6480888DD5}"
EndProject
Project("{FAE04EC0-301F-11D3-BF4B-00C04F79EFBC}") = "Finance.Messages", "Finance.Messages\Finance.Messages.csproj", "{7AAA1AD0-416A-41EF-B5FB-C6D5CCE636CC}"
EndProject
Project("{FAE04EC0-301F-11D3-BF4B-00C04F79EFBC}") = "Finance.MessageHandlers", "Finance.MessageHandlers\Finance.MessageHandlers.csproj", "{A01D28CE-27FA-4B00-B908-FC68B151CEE2}"
EndProject
Project("{FAE04EC0-301F-11D3-BF4B-00C04F79EFBC}") = "Sales.WCF", "Sales.WCF\Sales.WCF.csproj", "{BC1A4EC3-77D4-4660-B6D6-46D8DC2F1FAA}"
EndProject
Project("{FAE04EC0-301F-11D3-BF4B-00C04F79EFBC}") = "Finance.UI", "Finance.UI\Finance.UI.csproj", "{A2F79448-118E-4521-BD61-6D1ABFD0EDA6}"
	ProjectSection(ProjectDependencies) = postProject
		{17E633F6-C5B2-4782-8870-E99EBBE4FA83} = {17E633F6-C5B2-4782-8870-E99EBBE4FA83}
	EndProjectSection
EndProject
Project("{FAE04EC0-301F-11D3-BF4B-00C04F79EFBC}") = "HumanResources.Validation", "HumanResources.Validation\HumanResources.Validation.csproj", "{1680F245-F2F5-48FC-878B-9749D6410989}"
EndProject
Global
	GlobalSection(SolutionConfigurationPlatforms) = preSolution
		Debug|Any CPU = Debug|Any CPU
		Release|Any CPU = Release|Any CPU
	EndGlobalSection
	GlobalSection(ProjectConfigurationPlatforms) = postSolution
		{6693ECEC-BC88-49CE-9E40-9A70AB0C954E}.Debug|Any CPU.ActiveCfg = Debug|Any CPU
		{6693ECEC-BC88-49CE-9E40-9A70AB0C954E}.Debug|Any CPU.Build.0 = Debug|Any CPU
		{6693ECEC-BC88-49CE-9E40-9A70AB0C954E}.Release|Any CPU.ActiveCfg = Release|Any CPU
		{6693ECEC-BC88-49CE-9E40-9A70AB0C954E}.Release|Any CPU.Build.0 = Release|Any CPU
		{477EDE18-1D79-46E9-95F1-345A34F390A6}.Debug|Any CPU.ActiveCfg = Debug|Any CPU
		{477EDE18-1D79-46E9-95F1-345A34F390A6}.Debug|Any CPU.Build.0 = Debug|Any CPU
		{477EDE18-1D79-46E9-95F1-345A34F390A6}.Release|Any CPU.ActiveCfg = Release|Any CPU
		{477EDE18-1D79-46E9-95F1-345A34F390A6}.Release|Any CPU.Build.0 = Release|Any CPU
		{8B5B36C1-85A9-4FB2-B20A-A8E690CAFB9D}.Debug|Any CPU.ActiveCfg = Debug|Any CPU
		{8B5B36C1-85A9-4FB2-B20A-A8E690CAFB9D}.Debug|Any CPU.Build.0 = Debug|Any CPU
		{8B5B36C1-85A9-4FB2-B20A-A8E690CAFB9D}.Release|Any CPU.ActiveCfg = Release|Any CPU
		{8B5B36C1-85A9-4FB2-B20A-A8E690CAFB9D}.Release|Any CPU.Build.0 = Release|Any CPU
		{FC922F61-B802-4447-A97F-EDAB255E1258}.Debug|Any CPU.ActiveCfg = Debug|Any CPU
		{FC922F61-B802-4447-A97F-EDAB255E1258}.Debug|Any CPU.Build.0 = Debug|Any CPU
		{FC922F61-B802-4447-A97F-EDAB255E1258}.Release|Any CPU.ActiveCfg = Release|Any CPU
		{FC922F61-B802-4447-A97F-EDAB255E1258}.Release|Any CPU.Build.0 = Release|Any CPU
		{69BA86BB-76E8-4F71-9356-1FBD846DF988}.Debug|Any CPU.ActiveCfg = Debug|Any CPU
		{69BA86BB-76E8-4F71-9356-1FBD846DF988}.Debug|Any CPU.Build.0 = Debug|Any CPU
		{69BA86BB-76E8-4F71-9356-1FBD846DF988}.Release|Any CPU.ActiveCfg = Release|Any CPU
		{69BA86BB-76E8-4F71-9356-1FBD846DF988}.Release|Any CPU.Build.0 = Release|Any CPU
		{8BB52A7E-8A11-42AF-8E0A-78770130CA9E}.Debug|Any CPU.ActiveCfg = Debug|Any CPU
		{8BB52A7E-8A11-42AF-8E0A-78770130CA9E}.Debug|Any CPU.Build.0 = Debug|Any CPU
		{8BB52A7E-8A11-42AF-8E0A-78770130CA9E}.Release|Any CPU.ActiveCfg = Release|Any CPU
		{8BB52A7E-8A11-42AF-8E0A-78770130CA9E}.Release|Any CPU.Build.0 = Release|Any CPU
		{9A2441B1-F3BA-4E9E-A21D-2D0DB61E86EA}.Debug|Any CPU.ActiveCfg = Debug|Any CPU
		{9A2441B1-F3BA-4E9E-A21D-2D0DB61E86EA}.Debug|Any CPU.Build.0 = Debug|Any CPU
		{9A2441B1-F3BA-4E9E-A21D-2D0DB61E86EA}.Release|Any CPU.ActiveCfg = Release|Any CPU
		{9A2441B1-F3BA-4E9E-A21D-2D0DB61E86EA}.Release|Any CPU.Build.0 = Release|Any CPU
		{EBD06220-2A7F-426C-920D-DBB22AE71E99}.Debug|Any CPU.ActiveCfg = Debug|Any CPU
		{EBD06220-2A7F-426C-920D-DBB22AE71E99}.Debug|Any CPU.Build.0 = Debug|Any CPU
		{EBD06220-2A7F-426C-920D-DBB22AE71E99}.Release|Any CPU.ActiveCfg = Release|Any CPU
		{EBD06220-2A7F-426C-920D-DBB22AE71E99}.Release|Any CPU.Build.0 = Release|Any CPU
		{FECDC5E0-0729-4212-846B-1D36E2D46B2E}.Debug|Any CPU.ActiveCfg = Debug|Any CPU
		{FECDC5E0-0729-4212-846B-1D36E2D46B2E}.Debug|Any CPU.Build.0 = Debug|Any CPU
		{FECDC5E0-0729-4212-846B-1D36E2D46B2E}.Release|Any CPU.ActiveCfg = Release|Any CPU
		{FECDC5E0-0729-4212-846B-1D36E2D46B2E}.Release|Any CPU.Build.0 = Release|Any CPU
		{505F657C-4EED-4FFC-BEAF-374AE5ED171D}.Debug|Any CPU.ActiveCfg = Debug|Any CPU
		{505F657C-4EED-4FFC-BEAF-374AE5ED171D}.Debug|Any CPU.Build.0 = Debug|Any CPU
		{505F657C-4EED-4FFC-BEAF-374AE5ED171D}.Release|Any CPU.ActiveCfg = Release|Any CPU
		{505F657C-4EED-4FFC-BEAF-374AE5ED171D}.Release|Any CPU.Build.0 = Release|Any CPU
		{26173092-00B7-49F0-8D50-D35798DC5D0C}.Debug|Any CPU.ActiveCfg = Debug|Any CPU
		{26173092-00B7-49F0-8D50-D35798DC5D0C}.Debug|Any CPU.Build.0 = Debug|Any CPU
		{26173092-00B7-49F0-8D50-D35798DC5D0C}.Release|Any CPU.ActiveCfg = Release|Any CPU
		{26173092-00B7-49F0-8D50-D35798DC5D0C}.Release|Any CPU.Build.0 = Release|Any CPU
		{A896093E-F28A-4356-A5A3-27DFAFC3752D}.Debug|Any CPU.ActiveCfg = Debug|Any CPU
		{A896093E-F28A-4356-A5A3-27DFAFC3752D}.Debug|Any CPU.Build.0 = Debug|Any CPU
		{A896093E-F28A-4356-A5A3-27DFAFC3752D}.Release|Any CPU.ActiveCfg = Release|Any CPU
		{A896093E-F28A-4356-A5A3-27DFAFC3752D}.Release|Any CPU.Build.0 = Release|Any CPU
		{43F827F7-5FDE-4080-B84C-00BA6D97D2EE}.Debug|Any CPU.ActiveCfg = Debug|Any CPU
		{43F827F7-5FDE-4080-B84C-00BA6D97D2EE}.Debug|Any CPU.Build.0 = Debug|Any CPU
		{43F827F7-5FDE-4080-B84C-00BA6D97D2EE}.Release|Any CPU.ActiveCfg = Release|Any CPU
		{43F827F7-5FDE-4080-B84C-00BA6D97D2EE}.Release|Any CPU.Build.0 = Release|Any CPU
		{17E633F6-C5B2-4782-8870-E99EBBE4FA83}.Debug|Any CPU.ActiveCfg = Debug|Any CPU
		{17E633F6-C5B2-4782-8870-E99EBBE4FA83}.Debug|Any CPU.Build.0 = Debug|Any CPU
		{17E633F6-C5B2-4782-8870-E99EBBE4FA83}.Release|Any CPU.ActiveCfg = Release|Any CPU
		{17E633F6-C5B2-4782-8870-E99EBBE4FA83}.Release|Any CPU.Build.0 = Release|Any CPU
		{3032E714-A212-4EDD-BC97-D917498AFF02}.Debug|Any CPU.ActiveCfg = Debug|Any CPU
		{3032E714-A212-4EDD-BC97-D917498AFF02}.Debug|Any CPU.Build.0 = Debug|Any CPU
		{3032E714-A212-4EDD-BC97-D917498AFF02}.Release|Any CPU.ActiveCfg = Release|Any CPU
		{3032E714-A212-4EDD-BC97-D917498AFF02}.Release|Any CPU.Build.0 = Release|Any CPU
		{A1437127-A097-4DDE-BDDE-79B35E330EEA}.Debug|Any CPU.ActiveCfg = Debug|Any CPU
		{A1437127-A097-4DDE-BDDE-79B35E330EEA}.Debug|Any CPU.Build.0 = Debug|Any CPU
		{A1437127-A097-4DDE-BDDE-79B35E330EEA}.Release|Any CPU.ActiveCfg = Release|Any CPU
		{A1437127-A097-4DDE-BDDE-79B35E330EEA}.Release|Any CPU.Build.0 = Release|Any CPU
		{48BC8C1E-2282-481F-BAF6-8BB1EC411D32}.Debug|Any CPU.ActiveCfg = Debug|Any CPU
		{48BC8C1E-2282-481F-BAF6-8BB1EC411D32}.Debug|Any CPU.Build.0 = Debug|Any CPU
		{48BC8C1E-2282-481F-BAF6-8BB1EC411D32}.Release|Any CPU.ActiveCfg = Release|Any CPU
		{48BC8C1E-2282-481F-BAF6-8BB1EC411D32}.Release|Any CPU.Build.0 = Release|Any CPU
		{C735A69A-9950-4154-8C51-586A7C0E5F21}.Debug|Any CPU.ActiveCfg = Debug|Any CPU
		{C735A69A-9950-4154-8C51-586A7C0E5F21}.Debug|Any CPU.Build.0 = Debug|Any CPU
		{C735A69A-9950-4154-8C51-586A7C0E5F21}.Release|Any CPU.ActiveCfg = Release|Any CPU
		{C735A69A-9950-4154-8C51-586A7C0E5F21}.Release|Any CPU.Build.0 = Release|Any CPU
		{CFB2F076-C9F8-4553-A1CF-AC6480888DD5}.Debug|Any CPU.ActiveCfg = Debug|Any CPU
		{CFB2F076-C9F8-4553-A1CF-AC6480888DD5}.Debug|Any CPU.Build.0 = Debug|Any CPU
		{CFB2F076-C9F8-4553-A1CF-AC6480888DD5}.Release|Any CPU.ActiveCfg = Release|Any CPU
		{CFB2F076-C9F8-4553-A1CF-AC6480888DD5}.Release|Any CPU.Build.0 = Release|Any CPU
		{7AAA1AD0-416A-41EF-B5FB-C6D5CCE636CC}.Debug|Any CPU.ActiveCfg = Debug|Any CPU
		{7AAA1AD0-416A-41EF-B5FB-C6D5CCE636CC}.Debug|Any CPU.Build.0 = Debug|Any CPU
		{7AAA1AD0-416A-41EF-B5FB-C6D5CCE636CC}.Release|Any CPU.ActiveCfg = Release|Any CPU
		{7AAA1AD0-416A-41EF-B5FB-C6D5CCE636CC}.Release|Any CPU.Build.0 = Release|Any CPU
		{A01D28CE-27FA-4B00-B908-FC68B151CEE2}.Debug|Any CPU.ActiveCfg = Debug|Any CPU
		{A01D28CE-27FA-4B00-B908-FC68B151CEE2}.Debug|Any CPU.Build.0 = Debug|Any CPU
		{A01D28CE-27FA-4B00-B908-FC68B151CEE2}.Release|Any CPU.ActiveCfg = Release|Any CPU
		{A01D28CE-27FA-4B00-B908-FC68B151CEE2}.Release|Any CPU.Build.0 = Release|Any CPU
		{BC1A4EC3-77D4-4660-B6D6-46D8DC2F1FAA}.Debug|Any CPU.ActiveCfg = Debug|Any CPU
		{BC1A4EC3-77D4-4660-B6D6-46D8DC2F1FAA}.Debug|Any CPU.Build.0 = Debug|Any CPU
		{BC1A4EC3-77D4-4660-B6D6-46D8DC2F1FAA}.Release|Any CPU.ActiveCfg = Release|Any CPU
		{BC1A4EC3-77D4-4660-B6D6-46D8DC2F1FAA}.Release|Any CPU.Build.0 = Release|Any CPU
		{A2F79448-118E-4521-BD61-6D1ABFD0EDA6}.Debug|Any CPU.ActiveCfg = Debug|Any CPU
		{A2F79448-118E-4521-BD61-6D1ABFD0EDA6}.Debug|Any CPU.Build.0 = Debug|Any CPU
		{A2F79448-118E-4521-BD61-6D1ABFD0EDA6}.Release|Any CPU.ActiveCfg = Release|Any CPU
		{A2F79448-118E-4521-BD61-6D1ABFD0EDA6}.Release|Any CPU.Build.0 = Release|Any CPU
		{1680F245-F2F5-48FC-878B-9749D6410989}.Debug|Any CPU.ActiveCfg = Debug|Any CPU
		{1680F245-F2F5-48FC-878B-9749D6410989}.Debug|Any CPU.Build.0 = Debug|Any CPU
		{1680F245-F2F5-48FC-878B-9749D6410989}.Release|Any CPU.ActiveCfg = Release|Any CPU
		{1680F245-F2F5-48FC-878B-9749D6410989}.Release|Any CPU.Build.0 = Release|Any CPU
	EndGlobalSection
	GlobalSection(SolutionProperties) = preSolution
		HideSolutionNode = FALSE
	EndGlobalSection
	GlobalSection(NestedProjects) = preSolution
		{69BA86BB-76E8-4F71-9356-1FBD846DF988} = {2A7BA862-E5FF-4546-BD9F-FF8CFFF66949}
		{8BB52A7E-8A11-42AF-8E0A-78770130CA9E} = {2A7BA862-E5FF-4546-BD9F-FF8CFFF66949}
		{9A2441B1-F3BA-4E9E-A21D-2D0DB61E86EA} = {2A7BA862-E5FF-4546-BD9F-FF8CFFF66949}
		{EBD06220-2A7F-426C-920D-DBB22AE71E99} = {2A7BA862-E5FF-4546-BD9F-FF8CFFF66949}
		{FECDC5E0-0729-4212-846B-1D36E2D46B2E} = {2A7BA862-E5FF-4546-BD9F-FF8CFFF66949}
		{BC1A4EC3-77D4-4660-B6D6-46D8DC2F1FAA} = {2A7BA862-E5FF-4546-BD9F-FF8CFFF66949}
		{6693ECEC-BC88-49CE-9E40-9A70AB0C954E} = {A504C028-51DD-43E1-B6AD-ADB09D80C924}
		{477EDE18-1D79-46E9-95F1-345A34F390A6} = {A504C028-51DD-43E1-B6AD-ADB09D80C924}
		{8B5B36C1-85A9-4FB2-B20A-A8E690CAFB9D} = {A504C028-51DD-43E1-B6AD-ADB09D80C924}
		{FC922F61-B802-4447-A97F-EDAB255E1258} = {A504C028-51DD-43E1-B6AD-ADB09D80C924}
		{505F657C-4EED-4FFC-BEAF-374AE5ED171D} = {A504C028-51DD-43E1-B6AD-ADB09D80C924}
		{26173092-00B7-49F0-8D50-D35798DC5D0C} = {A504C028-51DD-43E1-B6AD-ADB09D80C924}
		{1680F245-F2F5-48FC-878B-9749D6410989} = {A504C028-51DD-43E1-B6AD-ADB09D80C924}
		{A896093E-F28A-4356-A5A3-27DFAFC3752D} = {D9F24238-25BC-4ECE-8354-51D7384BD1B4}
		{43F827F7-5FDE-4080-B84C-00BA6D97D2EE} = {D9F24238-25BC-4ECE-8354-51D7384BD1B4}
		{17E633F6-C5B2-4782-8870-E99EBBE4FA83} = {D9F24238-25BC-4ECE-8354-51D7384BD1B4}
		{3032E714-A212-4EDD-BC97-D917498AFF02} = {D9F24238-25BC-4ECE-8354-51D7384BD1B4}
		{A1437127-A097-4DDE-BDDE-79B35E330EEA} = {D9F24238-25BC-4ECE-8354-51D7384BD1B4}
		{48BC8C1E-2282-481F-BAF6-8BB1EC411D32} = {D9F24238-25BC-4ECE-8354-51D7384BD1B4}
		{C735A69A-9950-4154-8C51-586A7C0E5F21} = {F9FFEAF5-F24F-4E31-845F-5758DC7C81D5}
		{CFB2F076-C9F8-4553-A1CF-AC6480888DD5} = {F9FFEAF5-F24F-4E31-845F-5758DC7C81D5}
		{7AAA1AD0-416A-41EF-B5FB-C6D5CCE636CC} = {F9FFEAF5-F24F-4E31-845F-5758DC7C81D5}
		{A01D28CE-27FA-4B00-B908-FC68B151CEE2} = {F9FFEAF5-F24F-4E31-845F-5758DC7C81D5}
		{A2F79448-118E-4521-BD61-6D1ABFD0EDA6} = {F9FFEAF5-F24F-4E31-845F-5758DC7C81D5}
	EndGlobalSection
EndGlobal
